
Microsoft Visual Studio Solution File, Format Version 12.00
# Visual Studio Version 17
VisualStudioVersion = 17.7.34031.279
MinimumVisualStudioVersion = 10.0.40219.1
Project("{FAE04EC0-301F-11D3-BF4B-00C04F79EFBC}") = "1.1Repaso", "1.1Repaso\1.1Repaso.csproj", "{42249E3B-C15F-48A5-A522-567111B1B865}"
EndProject
Global
	GlobalSection(SolutionConfigurationPlatforms) = preSolution
		Debug|Any CPU = Debug|Any CPU
		Release|Any CPU = Release|Any CPU
	EndGlobalSection
	GlobalSection(ProjectConfigurationPlatforms) = postSolution
		{42249E3B-C15F-48A5-A522-567111B1B865}.Debug|Any CPU.ActiveCfg = Debug|Any CPU
		{42249E3B-C15F-48A5-A522-567111B1B865}.Debug|Any CPU.Build.0 = Debug|Any CPU
		{42249E3B-C15F-48A5-A522-567111B1B865}.Release|Any CPU.ActiveCfg = Release|Any CPU
		{42249E3B-C15F-48A5-A522-567111B1B865}.Release|Any CPU.Build.0 = Release|Any CPU
	EndGlobalSection
	GlobalSection(SolutionProperties) = preSolution
		HideSolutionNode = FALSE
	EndGlobalSection
	GlobalSection(ExtensibilityGlobals) = postSolution
		SolutionGuid = {7FB9D55E-7A54-486A-858C-20745F7A7BF5}
	EndGlobalSection
EndGlobal
